
Microsoft Visual Studio Solution File, Format Version 12.00
# Visual Studio Express 2012 for Windows Desktop
Project("{8BC9CEB8-8B4A-11D0-8D11-00A0C91BC942}") = "20180911JIN", "20180911JIN\20180911JIN.vcxproj", "{290C79B0-49C2-46DC-956B-E1EF741590C8}"
EndProject
Project("{8BC9CEB8-8B4A-11D0-8D11-00A0C91BC942}") = "20180911JIN2", "20180911JIN2\20180911JIN2.vcxproj", "{41D574B7-130E-47D4-9C10-24518C03FF9B}"
EndProject
Project("{8BC9CEB8-8B4A-11D0-8D11-00A0C91BC942}") = "20181002변수", "20181002\20181002.vcxproj", "{5A8EB647-B657-4DF3-892E-7A360B1FDE81}"
EndProject
Project("{8BC9CEB8-8B4A-11D0-8D11-00A0C91BC942}") = "20181002변수자료형", "20181002변수2\20181002변수2.vcxproj", "{9D678507-8F22-42CF-BB0D-D4894DFDC7DB}"
EndProject
Project("{8BC9CEB8-8B4A-11D0-8D11-00A0C91BC942}") = "HW1-1", "HW1-1\HW1-1.vcxproj", "{074D474D-0C5C-4F86-B420-5E12FCE02D36}"
EndProject
Project("{8BC9CEB8-8B4A-11D0-8D11-00A0C91BC942}") = "HW1-2", "HW1-2\HW1-2.vcxproj", "{5A9EF117-B3A4-4187-8992-DF4E1B530E31}"
EndProject
Project("{8BC9CEB8-8B4A-11D0-8D11-00A0C91BC942}") = "HW1-3", "HW1-3\HW1-3.vcxproj", "{9679E496-D25C-42A0-B520-C7E6FA6B119E}"
EndProject
Project("{8BC9CEB8-8B4A-11D0-8D11-00A0C91BC942}") = "HW1-4", "HW1-4\HW1-4.vcxproj", "{F2CF2BB2-45DE-4B8C-AC60-A165E4D47C3B}"
EndProject
Project("{8BC9CEB8-8B4A-11D0-8D11-00A0C91BC942}") = "HW1-5", "HW1-5\HW1-5.vcxproj", "{BF46B954-B883-4B62-BEBD-A826FEE46152}"
EndProject
Global
	GlobalSection(SolutionConfigurationPlatforms) = preSolution
		Debug|Win32 = Debug|Win32
		Release|Win32 = Release|Win32
	EndGlobalSection
	GlobalSection(ProjectConfigurationPlatforms) = postSolution
		{290C79B0-49C2-46DC-956B-E1EF741590C8}.Debug|Win32.ActiveCfg = Debug|Win32
		{290C79B0-49C2-46DC-956B-E1EF741590C8}.Debug|Win32.Build.0 = Debug|Win32
		{290C79B0-49C2-46DC-956B-E1EF741590C8}.Release|Win32.ActiveCfg = Release|Win32
		{290C79B0-49C2-46DC-956B-E1EF741590C8}.Release|Win32.Build.0 = Release|Win32
		{41D574B7-130E-47D4-9C10-24518C03FF9B}.Debug|Win32.ActiveCfg = Debug|Win32
		{41D574B7-130E-47D4-9C10-24518C03FF9B}.Debug|Win32.Build.0 = Debug|Win32
		{41D574B7-130E-47D4-9C10-24518C03FF9B}.Release|Win32.ActiveCfg = Release|Win32
		{41D574B7-130E-47D4-9C10-24518C03FF9B}.Release|Win32.Build.0 = Release|Win32
		{5A8EB647-B657-4DF3-892E-7A360B1FDE81}.Debug|Win32.ActiveCfg = Debug|Win32
		{5A8EB647-B657-4DF3-892E-7A360B1FDE81}.Debug|Win32.Build.0 = Debug|Win32
		{5A8EB647-B657-4DF3-892E-7A360B1FDE81}.Release|Win32.ActiveCfg = Release|Win32
		{5A8EB647-B657-4DF3-892E-7A360B1FDE81}.Release|Win32.Build.0 = Release|Win32
		{9D678507-8F22-42CF-BB0D-D4894DFDC7DB}.Debug|Win32.ActiveCfg = Debug|Win32
		{9D678507-8F22-42CF-BB0D-D4894DFDC7DB}.Debug|Win32.Build.0 = Debug|Win32
		{9D678507-8F22-42CF-BB0D-D4894DFDC7DB}.Release|Win32.ActiveCfg = Release|Win32
		{9D678507-8F22-42CF-BB0D-D4894DFDC7DB}.Release|Win32.Build.0 = Release|Win32
		{074D474D-0C5C-4F86-B420-5E12FCE02D36}.Debug|Win32.ActiveCfg = Debug|Win32
		{074D474D-0C5C-4F86-B420-5E12FCE02D36}.Debug|Win32.Build.0 = Debug|Win32
		{074D474D-0C5C-4F86-B420-5E12FCE02D36}.Release|Win32.ActiveCfg = Release|Win32
		{074D474D-0C5C-4F86-B420-5E12FCE02D36}.Release|Win32.Build.0 = Release|Win32
		{5A9EF117-B3A4-4187-8992-DF4E1B530E31}.Debug|Win32.ActiveCfg = Debug|Win32
		{5A9EF117-B3A4-4187-8992-DF4E1B530E31}.Debug|Win32.Build.0 = Debug|Win32
		{5A9EF117-B3A4-4187-8992-DF4E1B530E31}.Release|Win32.ActiveCfg = Release|Win32
		{5A9EF117-B3A4-4187-8992-DF4E1B530E31}.Release|Win32.Build.0 = Release|Win32
		{9679E496-D25C-42A0-B520-C7E6FA6B119E}.Debug|Win32.ActiveCfg = Debug|Win32
		{9679E496-D25C-42A0-B520-C7E6FA6B119E}.Debug|Win32.Build.0 = Debug|Win32
		{9679E496-D25C-42A0-B520-C7E6FA6B119E}.Release|Win32.ActiveCfg = Release|Win32
		{9679E496-D25C-42A0-B520-C7E6FA6B119E}.Release|Win32.Build.0 = Release|Win32
		{F2CF2BB2-45DE-4B8C-AC60-A165E4D47C3B}.Debug|Win32.ActiveCfg = Debug|Win32
		{F2CF2BB2-45DE-4B8C-AC60-A165E4D47C3B}.Debug|Win32.Build.0 = Debug|Win32
		{F2CF2BB2-45DE-4B8C-AC60-A165E4D47C3B}.Release|Win32.ActiveCfg = Release|Win32
		{F2CF2BB2-45DE-4B8C-AC60-A165E4D47C3B}.Release|Win32.Build.0 = Release|Win32
		{BF46B954-B883-4B62-BEBD-A826FEE46152}.Debug|Win32.ActiveCfg = Debug|Win32
		{BF46B954-B883-4B62-BEBD-A826FEE46152}.Debug|Win32.Build.0 = Debug|Win32
		{BF46B954-B883-4B62-BEBD-A826FEE46152}.Release|Win32.ActiveCfg = Release|Win32
		{BF46B954-B883-4B62-BEBD-A826FEE46152}.Release|Win32.Build.0 = Release|Win32
	EndGlobalSection
	GlobalSection(SolutionProperties) = preSolution
		HideSolutionNode = FALSE
	EndGlobalSection
EndGlobal
