
Microsoft Visual Studio Solution File, Format Version 12.00
# Visual Studio Express 2012 for Windows Desktop
Project("{8BC9CEB8-8B4A-11D0-8D11-00A0C91BC942}") = "20180911JIN", "20180911JIN\20180911JIN.vcxproj", "{290C79B0-49C2-46DC-956B-E1EF741590C8}"
EndProject
Project("{8BC9CEB8-8B4A-11D0-8D11-00A0C91BC942}") = "20180911JIN2", "20180911JIN2\20180911JIN2.vcxproj", "{41D574B7-130E-47D4-9C10-24518C03FF9B}"
EndProject
Project("{8BC9CEB8-8B4A-11D0-8D11-00A0C91BC942}") = "20181002변수", "20181002\20181002.vcxproj", "{5A8EB647-B657-4DF3-892E-7A360B1FDE81}"
EndProject
Project("{8BC9CEB8-8B4A-11D0-8D11-00A0C91BC942}") = "20181002변수자료형", "20181002변수2\20181002변수2.vcxproj", "{9D678507-8F22-42CF-BB0D-D4894DFDC7DB}"
EndProject
Project("{8BC9CEB8-8B4A-11D0-8D11-00A0C91BC942}") = "HW1-1", "HW1-1\HW1-1.vcxproj", "{074D474D-0C5C-4F86-B420-5E12FCE02D36}"
EndProject
Project("{8BC9CEB8-8B4A-11D0-8D11-00A0C91BC942}") = "HW1-2", "HW1-2\HW1-2.vcxproj", "{5A9EF117-B3A4-4187-8992-DF4E1B530E31}"
EndProject
Project("{8BC9CEB8-8B4A-11D0-8D11-00A0C91BC942}") = "HW1-3", "HW1-3\HW1-3.vcxproj", "{9679E496-D25C-42A0-B520-C7E6FA6B119E}"
EndProject
Project("{8BC9CEB8-8B4A-11D0-8D11-00A0C91BC942}") = "HW1-4", "HW1-4\HW1-4.vcxproj", "{F2CF2BB2-45DE-4B8C-AC60-A165E4D47C3B}"
EndProject
Project("{8BC9CEB8-8B4A-11D0-8D11-00A0C91BC942}") = "HW1-5", "HW1-5\HW1-5.vcxproj", "{BF46B954-B883-4B62-BEBD-A826FEE46152}"
EndProject
Project("{8BC9CEB8-8B4A-11D0-8D11-00A0C91BC942}") = "20181016반복문", "20181016반복문\20181016반복문.vcxproj", "{325F0A3B-E9E3-4C65-A6CD-FE2143BC0BCF}"
EndProject
Project("{8BC9CEB8-8B4A-11D0-8D11-00A0C91BC942}") = "HW2-1", "HW2-1\HW2-1.vcxproj", "{5531B48A-AB71-4C0B-8837-C218D15E5E21}"
EndProject
Project("{8BC9CEB8-8B4A-11D0-8D11-00A0C91BC942}") = "HW2-2", "HW2-2\HW2-2.vcxproj", "{6620F8CD-1AE3-4415-9AEE-0015845AB225}"
EndProject
Project("{8BC9CEB8-8B4A-11D0-8D11-00A0C91BC942}") = "HW2-3", "HW2-3\HW2-3.vcxproj", "{D5C0EAFD-CF4A-435B-9ED8-E50BE0075F61}"
EndProject
Project("{8BC9CEB8-8B4A-11D0-8D11-00A0C91BC942}") = "HW2-6", "HW2-6\HW2-6.vcxproj", "{C01A219C-93B2-4A29-9E28-49DE9D4899B1}"
EndProject
Project("{8BC9CEB8-8B4A-11D0-8D11-00A0C91BC942}") = "HW2-7", "HW2-7\HW2-7.vcxproj", "{8D46D86C-FD06-448A-9E57-CBBF6450FDCE}"
EndProject
Project("{8BC9CEB8-8B4A-11D0-8D11-00A0C91BC942}") = "HW2-8", "HW2-8\HW2-8.vcxproj", "{30C21E16-27A2-4A72-B5E5-00F690660460}"
EndProject
Project("{8BC9CEB8-8B4A-11D0-8D11-00A0C91BC942}") = "HW2-9", "HW2-9\HW2-9.vcxproj", "{E3CD6987-3E78-45A8-9179-54F6EF323493}"
EndProject
Project("{8BC9CEB8-8B4A-11D0-8D11-00A0C91BC942}") = "HW2-10", "HW2-10\HW2-10.vcxproj", "{7F391A60-3071-43A4-A284-76C8F9D9FB03}"
EndProject
Project("{8BC9CEB8-8B4A-11D0-8D11-00A0C91BC942}") = "HW2-11", "HW2-11\HW2-11.vcxproj", "{687AF8D8-20E5-43BB-AFA6-98F30D73F7DA}"
EndProject
Project("{8BC9CEB8-8B4A-11D0-8D11-00A0C91BC942}") = "HW2-12", "HW2-12\HW2-12.vcxproj", "{CCF51881-8C48-4826-BFFD-3C613DD74FB4}"
EndProject
Project("{8BC9CEB8-8B4A-11D0-8D11-00A0C91BC942}") = "HW2-13", "HW2-13\HW2-13.vcxproj", "{FF15FC7E-2956-432D-AAAE-4E4C2DAF60BE}"
EndProject
Project("{8BC9CEB8-8B4A-11D0-8D11-00A0C91BC942}") = "HW2-4", "HW2-4\HW2-4.vcxproj", "{309C7C43-5B65-404E-9E9B-91BC598C6517}"
EndProject
Project("{8BC9CEB8-8B4A-11D0-8D11-00A0C91BC942}") = "HW2-5", "HW2-5\HW2-5.vcxproj", "{55295281-090B-4881-A209-7B8B156E2C9B}"
EndProject
Project("{8BC9CEB8-8B4A-11D0-8D11-00A0C91BC942}") = "HW2-14", "HW2-14\HW2-14.vcxproj", "{92E31D50-C4EF-4442-93EF-81C38BE8E775}"
EndProject
Project("{8BC9CEB8-8B4A-11D0-8D11-00A0C91BC942}") = "HW2-15", "HW2-15\HW2-15.vcxproj", "{9EFDFB31-2EC5-4656-B60B-42AA4989224B}"
EndProject
Project("{8BC9CEB8-8B4A-11D0-8D11-00A0C91BC942}") = "HW2-16", "HW2-16\HW2-16.vcxproj", "{86DB63C0-6AAF-4C0F-A998-A6B12A94F106}"
EndProject
Project("{8BC9CEB8-8B4A-11D0-8D11-00A0C91BC942}") = "HW2-17", "HW2-17\HW2-17.vcxproj", "{EBF3606B-6BA5-4CDE-B40B-1F767ED05ED5}"
EndProject
Project("{8BC9CEB8-8B4A-11D0-8D11-00A0C91BC942}") = "HW2-18", "HW2-18\HW2-18.vcxproj", "{39CAADF4-C8B2-4727-8041-A25C178C9149}"
EndProject
Project("{8BC9CEB8-8B4A-11D0-8D11-00A0C91BC942}") = "HW2-19", "HW2-19\HW2-19.vcxproj", "{DC3CA11B-E558-4DE0-A0FF-57FEB8D6623A}"
EndProject
Project("{8BC9CEB8-8B4A-11D0-8D11-00A0C91BC942}") = "HW2-20", "HW2-20\HW2-20.vcxproj", "{25EE4C3D-288F-42B1-89C3-5A191D7B082B}"
EndProject
Project("{8BC9CEB8-8B4A-11D0-8D11-00A0C91BC942}") = "HW2-21", "HW2-21\HW2-21.vcxproj", "{A6FFEAF9-8AC3-45A0-9921-CAF0C9F9AFD0}"
EndProject
Project("{8BC9CEB8-8B4A-11D0-8D11-00A0C91BC942}") = "HW2-22", "HW2-22\HW2-22.vcxproj", "{8EAC4D1E-9592-4E5A-AF27-9EC5C15B4151}"
EndProject
Project("{8BC9CEB8-8B4A-11D0-8D11-00A0C91BC942}") = "HW2-23", "HW2-23\HW2-23.vcxproj", "{073DEBE4-BD8A-4FB9-B550-49DF1B81679F}"
EndProject
Project("{8BC9CEB8-8B4A-11D0-8D11-00A0C91BC942}") = "HW2-24", "HW2-24\HW2-24.vcxproj", "{59E3CA8A-29CC-441F-8556-F9DA3F37C6FC}"
EndProject
Project("{8BC9CEB8-8B4A-11D0-8D11-00A0C91BC942}") = "HW2-25", "HW2-25\HW2-25.vcxproj", "{9BD2A328-5C4A-4604-94F7-DB26F3D5BB4A}"
EndProject
Project("{8BC9CEB8-8B4A-11D0-8D11-00A0C91BC942}") = "20181023함수", "20181023\20181023.vcxproj", "{A4FA460B-2435-4D6A-A05B-F080C11AEFAB}"
EndProject
Project("{8BC9CEB8-8B4A-11D0-8D11-00A0C91BC942}") = "20181030Array배열", "20181030Array배열\20181030Array배열.vcxproj", "{DC807594-BA0C-408C-880B-D3278388688F}"
EndProject
Project("{8BC9CEB8-8B4A-11D0-8D11-00A0C91BC942}") = "HW3-1", "HW3-1\HW3-1.vcxproj", "{BAB68D17-64F7-4D60-89D2-3F3BEB6BA85C}"
EndProject
Project("{8BC9CEB8-8B4A-11D0-8D11-00A0C91BC942}") = "HW3-7", "HW3-7\HW3-7.vcxproj", "{5BDB50A1-A18D-4659-881C-B1BA3885AB7B}"
EndProject
Project("{8BC9CEB8-8B4A-11D0-8D11-00A0C91BC942}") = "20181106포인터", "20181106포인터\20181106포인터.vcxproj", "{A5150948-5F25-4148-A0C7-465CCB77FB5C}"
EndProject
Project("{8BC9CEB8-8B4A-11D0-8D11-00A0C91BC942}") = "20181106callbypointer", "20181106callbypointer\20181106callbypointer.vcxproj", "{B6FC93C2-EF8A-43E1-B72B-0A4EAF03E983}"
EndProject
Project("{8BC9CEB8-8B4A-11D0-8D11-00A0C91BC942}") = "20181106SWAP", "20181106SWAP\20181106SWAP.vcxproj", "{CBA25146-1241-4978-994E-9755079F98E1}"
EndProject
Project("{8BC9CEB8-8B4A-11D0-8D11-00A0C91BC942}") = "20181106printerandarray", "20181106pointerarray\20181106pointerarray.vcxproj", "{8358C7DA-6D83-460D-8F26-BBA87AB33FA2}"
EndProject
Project("{8BC9CEB8-8B4A-11D0-8D11-00A0C91BC942}") = "20181113arraypointer", "20181113arraypointer\20181113arraypointer.vcxproj", "{C6A28E53-21DE-4E17-AA41-59E50EB82E41}"
EndProject
Project("{8BC9CEB8-8B4A-11D0-8D11-00A0C91BC942}") = "20181113selectionsorting", "20181113selectionsorting\20181113selectionsorting.vcxproj", "{F46B78D2-CC85-45DD-8E6A-3AB18FFAFC29}"
EndProject
Global
	GlobalSection(SolutionConfigurationPlatforms) = preSolution
		Debug|Win32 = Debug|Win32
		Release|Win32 = Release|Win32
	EndGlobalSection
	GlobalSection(ProjectConfigurationPlatforms) = postSolution
		{290C79B0-49C2-46DC-956B-E1EF741590C8}.Debug|Win32.ActiveCfg = Debug|Win32
		{290C79B0-49C2-46DC-956B-E1EF741590C8}.Debug|Win32.Build.0 = Debug|Win32
		{290C79B0-49C2-46DC-956B-E1EF741590C8}.Release|Win32.ActiveCfg = Release|Win32
		{290C79B0-49C2-46DC-956B-E1EF741590C8}.Release|Win32.Build.0 = Release|Win32
		{41D574B7-130E-47D4-9C10-24518C03FF9B}.Debug|Win32.ActiveCfg = Debug|Win32
		{41D574B7-130E-47D4-9C10-24518C03FF9B}.Debug|Win32.Build.0 = Debug|Win32
		{41D574B7-130E-47D4-9C10-24518C03FF9B}.Release|Win32.ActiveCfg = Release|Win32
		{41D574B7-130E-47D4-9C10-24518C03FF9B}.Release|Win32.Build.0 = Release|Win32
		{5A8EB647-B657-4DF3-892E-7A360B1FDE81}.Debug|Win32.ActiveCfg = Debug|Win32
		{5A8EB647-B657-4DF3-892E-7A360B1FDE81}.Debug|Win32.Build.0 = Debug|Win32
		{5A8EB647-B657-4DF3-892E-7A360B1FDE81}.Release|Win32.ActiveCfg = Release|Win32
		{5A8EB647-B657-4DF3-892E-7A360B1FDE81}.Release|Win32.Build.0 = Release|Win32
		{9D678507-8F22-42CF-BB0D-D4894DFDC7DB}.Debug|Win32.ActiveCfg = Debug|Win32
		{9D678507-8F22-42CF-BB0D-D4894DFDC7DB}.Debug|Win32.Build.0 = Debug|Win32
		{9D678507-8F22-42CF-BB0D-D4894DFDC7DB}.Release|Win32.ActiveCfg = Release|Win32
		{9D678507-8F22-42CF-BB0D-D4894DFDC7DB}.Release|Win32.Build.0 = Release|Win32
		{074D474D-0C5C-4F86-B420-5E12FCE02D36}.Debug|Win32.ActiveCfg = Debug|Win32
		{074D474D-0C5C-4F86-B420-5E12FCE02D36}.Debug|Win32.Build.0 = Debug|Win32
		{074D474D-0C5C-4F86-B420-5E12FCE02D36}.Release|Win32.ActiveCfg = Release|Win32
		{074D474D-0C5C-4F86-B420-5E12FCE02D36}.Release|Win32.Build.0 = Release|Win32
		{5A9EF117-B3A4-4187-8992-DF4E1B530E31}.Debug|Win32.ActiveCfg = Debug|Win32
		{5A9EF117-B3A4-4187-8992-DF4E1B530E31}.Debug|Win32.Build.0 = Debug|Win32
		{5A9EF117-B3A4-4187-8992-DF4E1B530E31}.Release|Win32.ActiveCfg = Release|Win32
		{5A9EF117-B3A4-4187-8992-DF4E1B530E31}.Release|Win32.Build.0 = Release|Win32
		{9679E496-D25C-42A0-B520-C7E6FA6B119E}.Debug|Win32.ActiveCfg = Debug|Win32
		{9679E496-D25C-42A0-B520-C7E6FA6B119E}.Debug|Win32.Build.0 = Debug|Win32
		{9679E496-D25C-42A0-B520-C7E6FA6B119E}.Release|Win32.ActiveCfg = Release|Win32
		{9679E496-D25C-42A0-B520-C7E6FA6B119E}.Release|Win32.Build.0 = Release|Win32
		{F2CF2BB2-45DE-4B8C-AC60-A165E4D47C3B}.Debug|Win32.ActiveCfg = Debug|Win32
		{F2CF2BB2-45DE-4B8C-AC60-A165E4D47C3B}.Debug|Win32.Build.0 = Debug|Win32
		{F2CF2BB2-45DE-4B8C-AC60-A165E4D47C3B}.Release|Win32.ActiveCfg = Release|Win32
		{F2CF2BB2-45DE-4B8C-AC60-A165E4D47C3B}.Release|Win32.Build.0 = Release|Win32
		{BF46B954-B883-4B62-BEBD-A826FEE46152}.Debug|Win32.ActiveCfg = Debug|Win32
		{BF46B954-B883-4B62-BEBD-A826FEE46152}.Debug|Win32.Build.0 = Debug|Win32
		{BF46B954-B883-4B62-BEBD-A826FEE46152}.Release|Win32.ActiveCfg = Release|Win32
		{BF46B954-B883-4B62-BEBD-A826FEE46152}.Release|Win32.Build.0 = Release|Win32
		{325F0A3B-E9E3-4C65-A6CD-FE2143BC0BCF}.Debug|Win32.ActiveCfg = Debug|Win32
		{325F0A3B-E9E3-4C65-A6CD-FE2143BC0BCF}.Debug|Win32.Build.0 = Debug|Win32
		{325F0A3B-E9E3-4C65-A6CD-FE2143BC0BCF}.Release|Win32.ActiveCfg = Release|Win32
		{325F0A3B-E9E3-4C65-A6CD-FE2143BC0BCF}.Release|Win32.Build.0 = Release|Win32
		{5531B48A-AB71-4C0B-8837-C218D15E5E21}.Debug|Win32.ActiveCfg = Debug|Win32
		{5531B48A-AB71-4C0B-8837-C218D15E5E21}.Debug|Win32.Build.0 = Debug|Win32
		{5531B48A-AB71-4C0B-8837-C218D15E5E21}.Release|Win32.ActiveCfg = Release|Win32
		{5531B48A-AB71-4C0B-8837-C218D15E5E21}.Release|Win32.Build.0 = Release|Win32
		{6620F8CD-1AE3-4415-9AEE-0015845AB225}.Debug|Win32.ActiveCfg = Debug|Win32
		{6620F8CD-1AE3-4415-9AEE-0015845AB225}.Debug|Win32.Build.0 = Debug|Win32
		{6620F8CD-1AE3-4415-9AEE-0015845AB225}.Release|Win32.ActiveCfg = Release|Win32
		{6620F8CD-1AE3-4415-9AEE-0015845AB225}.Release|Win32.Build.0 = Release|Win32
		{D5C0EAFD-CF4A-435B-9ED8-E50BE0075F61}.Debug|Win32.ActiveCfg = Debug|Win32
		{D5C0EAFD-CF4A-435B-9ED8-E50BE0075F61}.Debug|Win32.Build.0 = Debug|Win32
		{D5C0EAFD-CF4A-435B-9ED8-E50BE0075F61}.Release|Win32.ActiveCfg = Release|Win32
		{D5C0EAFD-CF4A-435B-9ED8-E50BE0075F61}.Release|Win32.Build.0 = Release|Win32
		{C01A219C-93B2-4A29-9E28-49DE9D4899B1}.Debug|Win32.ActiveCfg = Debug|Win32
		{C01A219C-93B2-4A29-9E28-49DE9D4899B1}.Debug|Win32.Build.0 = Debug|Win32
		{C01A219C-93B2-4A29-9E28-49DE9D4899B1}.Release|Win32.ActiveCfg = Release|Win32
		{C01A219C-93B2-4A29-9E28-49DE9D4899B1}.Release|Win32.Build.0 = Release|Win32
		{8D46D86C-FD06-448A-9E57-CBBF6450FDCE}.Debug|Win32.ActiveCfg = Debug|Win32
		{8D46D86C-FD06-448A-9E57-CBBF6450FDCE}.Debug|Win32.Build.0 = Debug|Win32
		{8D46D86C-FD06-448A-9E57-CBBF6450FDCE}.Release|Win32.ActiveCfg = Release|Win32
		{8D46D86C-FD06-448A-9E57-CBBF6450FDCE}.Release|Win32.Build.0 = Release|Win32
		{30C21E16-27A2-4A72-B5E5-00F690660460}.Debug|Win32.ActiveCfg = Debug|Win32
		{30C21E16-27A2-4A72-B5E5-00F690660460}.Debug|Win32.Build.0 = Debug|Win32
		{30C21E16-27A2-4A72-B5E5-00F690660460}.Release|Win32.ActiveCfg = Release|Win32
		{30C21E16-27A2-4A72-B5E5-00F690660460}.Release|Win32.Build.0 = Release|Win32
		{E3CD6987-3E78-45A8-9179-54F6EF323493}.Debug|Win32.ActiveCfg = Debug|Win32
		{E3CD6987-3E78-45A8-9179-54F6EF323493}.Debug|Win32.Build.0 = Debug|Win32
		{E3CD6987-3E78-45A8-9179-54F6EF323493}.Release|Win32.ActiveCfg = Release|Win32
		{E3CD6987-3E78-45A8-9179-54F6EF323493}.Release|Win32.Build.0 = Release|Win32
		{7F391A60-3071-43A4-A284-76C8F9D9FB03}.Debug|Win32.ActiveCfg = Debug|Win32
		{7F391A60-3071-43A4-A284-76C8F9D9FB03}.Debug|Win32.Build.0 = Debug|Win32
		{7F391A60-3071-43A4-A284-76C8F9D9FB03}.Release|Win32.ActiveCfg = Release|Win32
		{7F391A60-3071-43A4-A284-76C8F9D9FB03}.Release|Win32.Build.0 = Release|Win32
		{687AF8D8-20E5-43BB-AFA6-98F30D73F7DA}.Debug|Win32.ActiveCfg = Debug|Win32
		{687AF8D8-20E5-43BB-AFA6-98F30D73F7DA}.Debug|Win32.Build.0 = Debug|Win32
		{687AF8D8-20E5-43BB-AFA6-98F30D73F7DA}.Release|Win32.ActiveCfg = Release|Win32
		{687AF8D8-20E5-43BB-AFA6-98F30D73F7DA}.Release|Win32.Build.0 = Release|Win32
		{CCF51881-8C48-4826-BFFD-3C613DD74FB4}.Debug|Win32.ActiveCfg = Debug|Win32
		{CCF51881-8C48-4826-BFFD-3C613DD74FB4}.Debug|Win32.Build.0 = Debug|Win32
		{CCF51881-8C48-4826-BFFD-3C613DD74FB4}.Release|Win32.ActiveCfg = Release|Win32
		{CCF51881-8C48-4826-BFFD-3C613DD74FB4}.Release|Win32.Build.0 = Release|Win32
		{FF15FC7E-2956-432D-AAAE-4E4C2DAF60BE}.Debug|Win32.ActiveCfg = Debug|Win32
		{FF15FC7E-2956-432D-AAAE-4E4C2DAF60BE}.Debug|Win32.Build.0 = Debug|Win32
		{FF15FC7E-2956-432D-AAAE-4E4C2DAF60BE}.Release|Win32.ActiveCfg = Release|Win32
		{FF15FC7E-2956-432D-AAAE-4E4C2DAF60BE}.Release|Win32.Build.0 = Release|Win32
		{309C7C43-5B65-404E-9E9B-91BC598C6517}.Debug|Win32.ActiveCfg = Debug|Win32
		{309C7C43-5B65-404E-9E9B-91BC598C6517}.Debug|Win32.Build.0 = Debug|Win32
		{309C7C43-5B65-404E-9E9B-91BC598C6517}.Release|Win32.ActiveCfg = Release|Win32
		{309C7C43-5B65-404E-9E9B-91BC598C6517}.Release|Win32.Build.0 = Release|Win32
		{55295281-090B-4881-A209-7B8B156E2C9B}.Debug|Win32.ActiveCfg = Debug|Win32
		{55295281-090B-4881-A209-7B8B156E2C9B}.Debug|Win32.Build.0 = Debug|Win32
		{55295281-090B-4881-A209-7B8B156E2C9B}.Release|Win32.ActiveCfg = Release|Win32
		{55295281-090B-4881-A209-7B8B156E2C9B}.Release|Win32.Build.0 = Release|Win32
		{92E31D50-C4EF-4442-93EF-81C38BE8E775}.Debug|Win32.ActiveCfg = Debug|Win32
		{92E31D50-C4EF-4442-93EF-81C38BE8E775}.Debug|Win32.Build.0 = Debug|Win32
		{92E31D50-C4EF-4442-93EF-81C38BE8E775}.Release|Win32.ActiveCfg = Release|Win32
		{92E31D50-C4EF-4442-93EF-81C38BE8E775}.Release|Win32.Build.0 = Release|Win32
		{9EFDFB31-2EC5-4656-B60B-42AA4989224B}.Debug|Win32.ActiveCfg = Debug|Win32
		{9EFDFB31-2EC5-4656-B60B-42AA4989224B}.Debug|Win32.Build.0 = Debug|Win32
		{9EFDFB31-2EC5-4656-B60B-42AA4989224B}.Release|Win32.ActiveCfg = Release|Win32
		{9EFDFB31-2EC5-4656-B60B-42AA4989224B}.Release|Win32.Build.0 = Release|Win32
		{86DB63C0-6AAF-4C0F-A998-A6B12A94F106}.Debug|Win32.ActiveCfg = Debug|Win32
		{86DB63C0-6AAF-4C0F-A998-A6B12A94F106}.Debug|Win32.Build.0 = Debug|Win32
		{86DB63C0-6AAF-4C0F-A998-A6B12A94F106}.Release|Win32.ActiveCfg = Release|Win32
		{86DB63C0-6AAF-4C0F-A998-A6B12A94F106}.Release|Win32.Build.0 = Release|Win32
		{EBF3606B-6BA5-4CDE-B40B-1F767ED05ED5}.Debug|Win32.ActiveCfg = Debug|Win32
		{EBF3606B-6BA5-4CDE-B40B-1F767ED05ED5}.Debug|Win32.Build.0 = Debug|Win32
		{EBF3606B-6BA5-4CDE-B40B-1F767ED05ED5}.Release|Win32.ActiveCfg = Release|Win32
		{EBF3606B-6BA5-4CDE-B40B-1F767ED05ED5}.Release|Win32.Build.0 = Release|Win32
		{39CAADF4-C8B2-4727-8041-A25C178C9149}.Debug|Win32.ActiveCfg = Debug|Win32
		{39CAADF4-C8B2-4727-8041-A25C178C9149}.Debug|Win32.Build.0 = Debug|Win32
		{39CAADF4-C8B2-4727-8041-A25C178C9149}.Release|Win32.ActiveCfg = Release|Win32
		{39CAADF4-C8B2-4727-8041-A25C178C9149}.Release|Win32.Build.0 = Release|Win32
		{DC3CA11B-E558-4DE0-A0FF-57FEB8D6623A}.Debug|Win32.ActiveCfg = Debug|Win32
		{DC3CA11B-E558-4DE0-A0FF-57FEB8D6623A}.Debug|Win32.Build.0 = Debug|Win32
		{DC3CA11B-E558-4DE0-A0FF-57FEB8D6623A}.Release|Win32.ActiveCfg = Release|Win32
		{DC3CA11B-E558-4DE0-A0FF-57FEB8D6623A}.Release|Win32.Build.0 = Release|Win32
		{25EE4C3D-288F-42B1-89C3-5A191D7B082B}.Debug|Win32.ActiveCfg = Debug|Win32
		{25EE4C3D-288F-42B1-89C3-5A191D7B082B}.Debug|Win32.Build.0 = Debug|Win32
		{25EE4C3D-288F-42B1-89C3-5A191D7B082B}.Release|Win32.ActiveCfg = Release|Win32
		{25EE4C3D-288F-42B1-89C3-5A191D7B082B}.Release|Win32.Build.0 = Release|Win32
		{A6FFEAF9-8AC3-45A0-9921-CAF0C9F9AFD0}.Debug|Win32.ActiveCfg = Debug|Win32
		{A6FFEAF9-8AC3-45A0-9921-CAF0C9F9AFD0}.Debug|Win32.Build.0 = Debug|Win32
		{A6FFEAF9-8AC3-45A0-9921-CAF0C9F9AFD0}.Release|Win32.ActiveCfg = Release|Win32
		{A6FFEAF9-8AC3-45A0-9921-CAF0C9F9AFD0}.Release|Win32.Build.0 = Release|Win32
		{8EAC4D1E-9592-4E5A-AF27-9EC5C15B4151}.Debug|Win32.ActiveCfg = Debug|Win32
		{8EAC4D1E-9592-4E5A-AF27-9EC5C15B4151}.Debug|Win32.Build.0 = Debug|Win32
		{8EAC4D1E-9592-4E5A-AF27-9EC5C15B4151}.Release|Win32.ActiveCfg = Release|Win32
		{8EAC4D1E-9592-4E5A-AF27-9EC5C15B4151}.Release|Win32.Build.0 = Release|Win32
		{073DEBE4-BD8A-4FB9-B550-49DF1B81679F}.Debug|Win32.ActiveCfg = Debug|Win32
		{073DEBE4-BD8A-4FB9-B550-49DF1B81679F}.Debug|Win32.Build.0 = Debug|Win32
		{073DEBE4-BD8A-4FB9-B550-49DF1B81679F}.Release|Win32.ActiveCfg = Release|Win32
		{073DEBE4-BD8A-4FB9-B550-49DF1B81679F}.Release|Win32.Build.0 = Release|Win32
		{59E3CA8A-29CC-441F-8556-F9DA3F37C6FC}.Debug|Win32.ActiveCfg = Debug|Win32
		{59E3CA8A-29CC-441F-8556-F9DA3F37C6FC}.Debug|Win32.Build.0 = Debug|Win32
		{59E3CA8A-29CC-441F-8556-F9DA3F37C6FC}.Release|Win32.ActiveCfg = Release|Win32
		{59E3CA8A-29CC-441F-8556-F9DA3F37C6FC}.Release|Win32.Build.0 = Release|Win32
		{9BD2A328-5C4A-4604-94F7-DB26F3D5BB4A}.Debug|Win32.ActiveCfg = Debug|Win32
		{9BD2A328-5C4A-4604-94F7-DB26F3D5BB4A}.Debug|Win32.Build.0 = Debug|Win32
		{9BD2A328-5C4A-4604-94F7-DB26F3D5BB4A}.Release|Win32.ActiveCfg = Release|Win32
		{9BD2A328-5C4A-4604-94F7-DB26F3D5BB4A}.Release|Win32.Build.0 = Release|Win32
		{A4FA460B-2435-4D6A-A05B-F080C11AEFAB}.Debug|Win32.ActiveCfg = Debug|Win32
		{A4FA460B-2435-4D6A-A05B-F080C11AEFAB}.Debug|Win32.Build.0 = Debug|Win32
		{A4FA460B-2435-4D6A-A05B-F080C11AEFAB}.Release|Win32.ActiveCfg = Release|Win32
		{A4FA460B-2435-4D6A-A05B-F080C11AEFAB}.Release|Win32.Build.0 = Release|Win32
		{DC807594-BA0C-408C-880B-D3278388688F}.Debug|Win32.ActiveCfg = Debug|Win32
		{DC807594-BA0C-408C-880B-D3278388688F}.Debug|Win32.Build.0 = Debug|Win32
		{DC807594-BA0C-408C-880B-D3278388688F}.Release|Win32.ActiveCfg = Release|Win32
		{DC807594-BA0C-408C-880B-D3278388688F}.Release|Win32.Build.0 = Release|Win32
		{BAB68D17-64F7-4D60-89D2-3F3BEB6BA85C}.Debug|Win32.ActiveCfg = Debug|Win32
		{BAB68D17-64F7-4D60-89D2-3F3BEB6BA85C}.Debug|Win32.Build.0 = Debug|Win32
		{BAB68D17-64F7-4D60-89D2-3F3BEB6BA85C}.Release|Win32.ActiveCfg = Release|Win32
		{BAB68D17-64F7-4D60-89D2-3F3BEB6BA85C}.Release|Win32.Build.0 = Release|Win32
		{5BDB50A1-A18D-4659-881C-B1BA3885AB7B}.Debug|Win32.ActiveCfg = Debug|Win32
		{5BDB50A1-A18D-4659-881C-B1BA3885AB7B}.Debug|Win32.Build.0 = Debug|Win32
		{5BDB50A1-A18D-4659-881C-B1BA3885AB7B}.Release|Win32.ActiveCfg = Release|Win32
		{5BDB50A1-A18D-4659-881C-B1BA3885AB7B}.Release|Win32.Build.0 = Release|Win32
		{A5150948-5F25-4148-A0C7-465CCB77FB5C}.Debug|Win32.ActiveCfg = Debug|Win32
		{A5150948-5F25-4148-A0C7-465CCB77FB5C}.Debug|Win32.Build.0 = Debug|Win32
		{A5150948-5F25-4148-A0C7-465CCB77FB5C}.Release|Win32.ActiveCfg = Release|Win32
		{A5150948-5F25-4148-A0C7-465CCB77FB5C}.Release|Win32.Build.0 = Release|Win32
		{B6FC93C2-EF8A-43E1-B72B-0A4EAF03E983}.Debug|Win32.ActiveCfg = Debug|Win32
		{B6FC93C2-EF8A-43E1-B72B-0A4EAF03E983}.Debug|Win32.Build.0 = Debug|Win32
		{B6FC93C2-EF8A-43E1-B72B-0A4EAF03E983}.Release|Win32.ActiveCfg = Release|Win32
		{B6FC93C2-EF8A-43E1-B72B-0A4EAF03E983}.Release|Win32.Build.0 = Release|Win32
		{CBA25146-1241-4978-994E-9755079F98E1}.Debug|Win32.ActiveCfg = Debug|Win32
		{CBA25146-1241-4978-994E-9755079F98E1}.Debug|Win32.Build.0 = Debug|Win32
		{CBA25146-1241-4978-994E-9755079F98E1}.Release|Win32.ActiveCfg = Release|Win32
		{CBA25146-1241-4978-994E-9755079F98E1}.Release|Win32.Build.0 = Release|Win32
		{8358C7DA-6D83-460D-8F26-BBA87AB33FA2}.Debug|Win32.ActiveCfg = Debug|Win32
		{8358C7DA-6D83-460D-8F26-BBA87AB33FA2}.Debug|Win32.Build.0 = Debug|Win32
		{8358C7DA-6D83-460D-8F26-BBA87AB33FA2}.Release|Win32.ActiveCfg = Release|Win32
		{8358C7DA-6D83-460D-8F26-BBA87AB33FA2}.Release|Win32.Build.0 = Release|Win32
		{C6A28E53-21DE-4E17-AA41-59E50EB82E41}.Debug|Win32.ActiveCfg = Debug|Win32
		{C6A28E53-21DE-4E17-AA41-59E50EB82E41}.Debug|Win32.Build.0 = Debug|Win32
		{C6A28E53-21DE-4E17-AA41-59E50EB82E41}.Release|Win32.ActiveCfg = Release|Win32
		{C6A28E53-21DE-4E17-AA41-59E50EB82E41}.Release|Win32.Build.0 = Release|Win32
		{F46B78D2-CC85-45DD-8E6A-3AB18FFAFC29}.Debug|Win32.ActiveCfg = Debug|Win32
		{F46B78D2-CC85-45DD-8E6A-3AB18FFAFC29}.Debug|Win32.Build.0 = Debug|Win32
		{F46B78D2-CC85-45DD-8E6A-3AB18FFAFC29}.Release|Win32.ActiveCfg = Release|Win32
		{F46B78D2-CC85-45DD-8E6A-3AB18FFAFC29}.Release|Win32.Build.0 = Release|Win32
	EndGlobalSection
	GlobalSection(SolutionProperties) = preSolution
		HideSolutionNode = FALSE
	EndGlobalSection
EndGlobal
